
Microsoft Visual Studio Solution File, Format Version 12.00
# Visual Studio Version 16
VisualStudioVersion = 16.6.30114.105
MinimumVisualStudioVersion = 10.0.40219.1
Project("{9A19103F-16F7-4668-BE54-9A1E7A4F7556}") = "test", "test\test.csproj", "{C97CC776-4B56-429C-A1C9-1FCEC6F1E46F}"
EndProject
Project("{9A19103F-16F7-4668-BE54-9A1E7A4F7556}") = "GoogleSheetsProxy", "src\GoogleSheetsProxy.csproj", "{1387E689-0619-4BBD-A305-2BB2F4F99157}"
EndProject
Project("{2150E333-8FDC-42A3-9474-1A3956D46DE8}") = "Solution Items", "Solution Items", "{0EE93734-BEDD-4DB4-BBA0-9FA74134E9EC}"
	ProjectSection(SolutionItems) = preProject
		buildspec.yml = buildspec.yml
	EndProjectSection
EndProject
Global
	GlobalSection(SolutionConfigurationPlatforms) = preSolution
		Debug|Any CPU = Debug|Any CPU
		Debug|x64 = Debug|x64
		Debug|x86 = Debug|x86
		Release|Any CPU = Release|Any CPU
		Release|x64 = Release|x64
		Release|x86 = Release|x86
	EndGlobalSection
	GlobalSection(ProjectConfigurationPlatforms) = postSolution
		{C97CC776-4B56-429C-A1C9-1FCEC6F1E46F}.Debug|Any CPU.ActiveCfg = Debug|Any CPU
		{C97CC776-4B56-429C-A1C9-1FCEC6F1E46F}.Debug|Any CPU.Build.0 = Debug|Any CPU
		{C97CC776-4B56-429C-A1C9-1FCEC6F1E46F}.Debug|x64.ActiveCfg = Debug|Any CPU
		{C97CC776-4B56-429C-A1C9-1FCEC6F1E46F}.Debug|x64.Build.0 = Debug|Any CPU
		{C97CC776-4B56-429C-A1C9-1FCEC6F1E46F}.Debug|x86.ActiveCfg = Debug|Any CPU
		{C97CC776-4B56-429C-A1C9-1FCEC6F1E46F}.Debug|x86.Build.0 = Debug|Any CPU
		{C97CC776-4B56-429C-A1C9-1FCEC6F1E46F}.Release|Any CPU.ActiveCfg = Release|Any CPU
		{C97CC776-4B56-429C-A1C9-1FCEC6F1E46F}.Release|Any CPU.Build.0 = Release|Any CPU
		{C97CC776-4B56-429C-A1C9-1FCEC6F1E46F}.Release|x64.ActiveCfg = Release|Any CPU
		{C97CC776-4B56-429C-A1C9-1FCEC6F1E46F}.Release|x64.Build.0 = Release|Any CPU
		{C97CC776-4B56-429C-A1C9-1FCEC6F1E46F}.Release|x86.ActiveCfg = Release|Any CPU
		{C97CC776-4B56-429C-A1C9-1FCEC6F1E46F}.Release|x86.Build.0 = Release|Any CPU
		{1387E689-0619-4BBD-A305-2BB2F4F99157}.Debug|Any CPU.ActiveCfg = Debug|Any CPU
		{1387E689-0619-4BBD-A305-2BB2F4F99157}.Debug|Any CPU.Build.0 = Debug|Any CPU
		{1387E689-0619-4BBD-A305-2BB2F4F99157}.Debug|x64.ActiveCfg = Debug|Any CPU
		{1387E689-0619-4BBD-A305-2BB2F4F99157}.Debug|x64.Build.0 = Debug|Any CPU
		{1387E689-0619-4BBD-A305-2BB2F4F99157}.Debug|x86.ActiveCfg = Debug|Any CPU
		{1387E689-0619-4BBD-A305-2BB2F4F99157}.Debug|x86.Build.0 = Debug|Any CPU
		{1387E689-0619-4BBD-A305-2BB2F4F99157}.Release|Any CPU.ActiveCfg = Release|Any CPU
		{1387E689-0619-4BBD-A305-2BB2F4F99157}.Release|Any CPU.Build.0 = Release|Any CPU
		{1387E689-0619-4BBD-A305-2BB2F4F99157}.Release|x64.ActiveCfg = Release|Any CPU
		{1387E689-0619-4BBD-A305-2BB2F4F99157}.Release|x64.Build.0 = Release|Any CPU
		{1387E689-0619-4BBD-A305-2BB2F4F99157}.Release|x86.ActiveCfg = Release|Any CPU
		{1387E689-0619-4BBD-A305-2BB2F4F99157}.Release|x86.Build.0 = Release|Any CPU
	EndGlobalSection
	GlobalSection(SolutionProperties) = preSolution
		HideSolutionNode = FALSE
	EndGlobalSection
	GlobalSection(ExtensibilityGlobals) = postSolution
		SolutionGuid = {A2B889CC-3E96-49EC-B2C9-8861658FCBBF}
	EndGlobalSection
EndGlobal
